
Microsoft Visual Studio Solution File, Format Version 12.00
# Visual Studio Version 17
VisualStudioVersion = 17.4.33103.184
MinimumVisualStudioVersion = 10.0.40219.1
Project("{FAE04EC0-301F-11D3-BF4B-00C04F79EFBC}") = "ConsoleApp16", "ConsoleApp16\ConsoleApp16.csproj", "{A6E7983A-A9A7-46B4-9951-1F9E0572E588}"
EndProject
Global
	GlobalSection(SolutionConfigurationPlatforms) = preSolution
		Debug|Any CPU = Debug|Any CPU
		Release|Any CPU = Release|Any CPU
	EndGlobalSection
	GlobalSection(ProjectConfigurationPlatforms) = postSolution
		{A6E7983A-A9A7-46B4-9951-1F9E0572E588}.Debug|Any CPU.ActiveCfg = Debug|Any CPU
		{A6E7983A-A9A7-46B4-9951-1F9E0572E588}.Debug|Any CPU.Build.0 = Debug|Any CPU
		{A6E7983A-A9A7-46B4-9951-1F9E0572E588}.Release|Any CPU.ActiveCfg = Release|Any CPU
		{A6E7983A-A9A7-46B4-9951-1F9E0572E588}.Release|Any CPU.Build.0 = Release|Any CPU
	EndGlobalSection
	GlobalSection(SolutionProperties) = preSolution
		HideSolutionNode = FALSE
	EndGlobalSection
	GlobalSection(ExtensibilityGlobals) = postSolution
		SolutionGuid = {A95313AF-0CEA-42F5-8071-175B40AFE4A0}
	EndGlobalSection
EndGlobal
